# THIS IS AN AUTOGENERATED FILE. DO NOT EDIT THIS FILE DIRECTLY.
# yarn lockfile v1


ansi_up@^3.0.0:
  version "3.0.0"
  resolved "https://registry.yarnpkg.com/ansi_up/-/ansi_up-3.0.0.tgz#27f45d8f457d9ceff59e4ea03c8e6f13c1a303e8"
  integrity sha1-J/Rdj0V9nO/1nk6gPI5vE8GjA+g=

lambci@^0.11.2:
  version "0.11.2"
  resolved "https://registry.yarnpkg.com/lambci/-/lambci-0.11.2.tgz#802da7c4386c94a3ff8c1ac8d46b95612da57802"
  integrity sha512-0/WVQFxXkQWIoi7l0wBOvSiF9IsHRnvFX0mUCH4Zga+jNsQ7CfoPjkk8EV5lTVPEF2/kStgyAu2Vn6dwnOUlGg==
  dependencies:
    ansi_up "^3.0.0"
    nave "^3.2.1"
    neo-async "^2.6.1"

nave@^3.2.1:
  version "3.2.1"
  resolved "https://registry.yarnpkg.com/nave/-/nave-3.2.1.tgz#8f2cddc92d1fa228a5560c83d1fbacbfbbaacb44"
  integrity sha512-wLkr0jG67/AD7WQjWShRnhQ+iNvysYIy1N6Xr5GD14qPGW6lUJpvE1z44i8DyqOH1a/85kXZRkKsiv1F/mActA==

neo-async@^2.6.1:
  version "2.6.1"
  resolved "https://registry.yarnpkg.com/neo-async/-/neo-async-2.6.1.tgz#ac27ada66167fa8849a6addd837f6b189ad2081c"
  integrity sha512-iyam8fBuCUpWeKPGpaNMetEocMt364qkCsfL9JuhjXX6dRnguRVOfk2GZaDpPjcOKiiXCPINZC1GczQ7iTq3Zw==
